
Microsoft Visual Studio Solution File, Format Version 12.00
# Visual Studio Version 17
VisualStudioVersion = 17.7.34221.43
MinimumVisualStudioVersion = 10.0.40219.1
Project("{FAE04EC0-301F-11D3-BF4B-00C04F79EFBC}") = "PokePortal", "PokePortal.csproj", "{56329196-A04F-46FA-9E99-F3E2424D39E2}"
EndProject
Global
	GlobalSection(SolutionConfigurationPlatforms) = preSolution
		Debug|Any CPU = Debug|Any CPU
		Release|Any CPU = Release|Any CPU
	EndGlobalSection
	GlobalSection(ProjectConfigurationPlatforms) = postSolution
		{56329196-A04F-46FA-9E99-F3E2424D39E2}.Debug|Any CPU.ActiveCfg = Debug|Any CPU
		{56329196-A04F-46FA-9E99-F3E2424D39E2}.Debug|Any CPU.Build.0 = Debug|Any CPU
		{56329196-A04F-46FA-9E99-F3E2424D39E2}.Release|Any CPU.ActiveCfg = Release|Any CPU
		{56329196-A04F-46FA-9E99-F3E2424D39E2}.Release|Any CPU.Build.0 = Release|Any CPU
	EndGlobalSection
	GlobalSection(SolutionProperties) = preSolution
		HideSolutionNode = FALSE
	EndGlobalSection
	GlobalSection(ExtensibilityGlobals) = postSolution
		SolutionGuid = {261853AC-9533-443F-BB5A-1D93F019537C}
	EndGlobalSection
EndGlobal
